{
  "requires": true,
  "lockfileVersion": 1,
  "dependencies": {
    "php-debug": {
      "version": "0.2.4",
      "resolved": "https://registry.npmjs.org/php-debug/-/php-debug-0.2.4.tgz",
      "integrity": "sha512-x9JTNCKJ3LGnr3sF03ariftAWv5QIHFycFaUjvSc9CzDl4N2twWqvWXysjXkmdJtVsyfqzxrxcy7Kp8Ibj2dGA=="
    }
  }
}
